
Microsoft Visual Studio Solution File, Format Version 12.00
# Visual Studio Version 16
VisualStudioVersion = 16.0.32126.315
MinimumVisualStudioVersion = 10.0.40219.1
Project("{FAE04EC0-301F-11D3-BF4B-00C04F79EFBC}") = "Cviceni_2", "Cviceni_2.csproj", "{238BE20F-76D9-4E6B-BB85-3357236F0451}"
EndProject
Global
	GlobalSection(SolutionConfigurationPlatforms) = preSolution
		Debug|Any CPU = Debug|Any CPU
		Release|Any CPU = Release|Any CPU
	EndGlobalSection
	GlobalSection(ProjectConfigurationPlatforms) = postSolution
		{238BE20F-76D9-4E6B-BB85-3357236F0451}.Debug|Any CPU.ActiveCfg = Debug|Any CPU
		{238BE20F-76D9-4E6B-BB85-3357236F0451}.Debug|Any CPU.Build.0 = Debug|Any CPU
		{238BE20F-76D9-4E6B-BB85-3357236F0451}.Release|Any CPU.ActiveCfg = Release|Any CPU
		{238BE20F-76D9-4E6B-BB85-3357236F0451}.Release|Any CPU.Build.0 = Release|Any CPU
	EndGlobalSection
	GlobalSection(SolutionProperties) = preSolution
		HideSolutionNode = FALSE
	EndGlobalSection
	GlobalSection(ExtensibilityGlobals) = postSolution
		SolutionGuid = {47363464-4B73-4103-AE87-6DDF1742AEC2}
	EndGlobalSection
EndGlobal
